
Microsoft Visual Studio Solution File, Format Version 12.00
# Visual Studio Version 17
VisualStudioVersion = 17.8.34330.188
MinimumVisualStudioVersion = 10.0.40219.1
Project("{9A19103F-16F7-4668-BE54-9A1E7A4F7556}") = "E-Commerce", "E-Commerce\E-Commerce.csproj", "{23AF2BD0-95CB-4E69-B282-B4A32E7B14D3}"
EndProject
Global
	GlobalSection(SolutionConfigurationPlatforms) = preSolution
		Debug|Any CPU = Debug|Any CPU
		Release|Any CPU = Release|Any CPU
	EndGlobalSection
	GlobalSection(ProjectConfigurationPlatforms) = postSolution
		{23AF2BD0-95CB-4E69-B282-B4A32E7B14D3}.Debug|Any CPU.ActiveCfg = Debug|Any CPU
		{23AF2BD0-95CB-4E69-B282-B4A32E7B14D3}.Debug|Any CPU.Build.0 = Debug|Any CPU
		{23AF2BD0-95CB-4E69-B282-B4A32E7B14D3}.Release|Any CPU.ActiveCfg = Release|Any CPU
		{23AF2BD0-95CB-4E69-B282-B4A32E7B14D3}.Release|Any CPU.Build.0 = Release|Any CPU
	EndGlobalSection
	GlobalSection(SolutionProperties) = preSolution
		HideSolutionNode = FALSE
	EndGlobalSection
	GlobalSection(ExtensibilityGlobals) = postSolution
		SolutionGuid = {179A30EB-111F-4B4F-A866-30CDA02B6575}
	EndGlobalSection
EndGlobal
